Microsoft Visual Studio Solution File, Format Version 12.00
# Visual Studio 2012
Project("{FAE04EC0-301F-11D3-BF4B-00C04F79EFBC}") = "First2D", "First2D.csproj", "{4400328B-8F4A-4871-8ABF-63F3F023730D}"
EndProject
Global
	GlobalSection(SolutionConfigurationPlatforms) = preSolution
	Debug|Any CPU = Debug|Any CPU
	ExportDebug|Any CPU = ExportDebug|Any CPU
	ExportRelease|Any CPU = ExportRelease|Any CPU
	EndGlobalSection
	GlobalSection(ProjectConfigurationPlatforms) = postSolution
		{4400328B-8F4A-4871-8ABF-63F3F023730D}.Debug|Any CPU.ActiveCfg = Debug|Any CPU
		{4400328B-8F4A-4871-8ABF-63F3F023730D}.Debug|Any CPU.Build.0 = Debug|Any CPU
		{4400328B-8F4A-4871-8ABF-63F3F023730D}.ExportDebug|Any CPU.ActiveCfg = ExportDebug|Any CPU
		{4400328B-8F4A-4871-8ABF-63F3F023730D}.ExportDebug|Any CPU.Build.0 = ExportDebug|Any CPU
		{4400328B-8F4A-4871-8ABF-63F3F023730D}.ExportRelease|Any CPU.ActiveCfg = ExportRelease|Any CPU
		{4400328B-8F4A-4871-8ABF-63F3F023730D}.ExportRelease|Any CPU.Build.0 = ExportRelease|Any CPU
	EndGlobalSection
EndGlobal
